{
  "nodes": {
    "hardware": {
      "locked": {
        "lastModified": 1723310128,
        "narHash": "sha256-IiH8jG6PpR4h9TxSGMYh+2/gQiJW9MwehFvheSb5rPc=",
        "owner": "nixos",
        "repo": "nixos-hardware",
        "rev": "c54cf53e022b0b3c1d3b8207aa0f9b194c24f0cf",
        "type": "github"
      },
      "original": {
        "owner": "nixos",
        "repo": "nixos-hardware",
        "type": "github"
      }
    },
    "home-manager": {
      "inputs": {
        "nixpkgs": [
          "nixpkgs"
        ]
      },
      "locked": {
        "lastModified": 1723015306,
        "narHash": "sha256-jQnFEtH20/OsDPpx71ntZzGdRlpXhUENSQCGTjn//NA=",
        "owner": "nix-community",
        "repo": "home-manager",
        "rev": "b3d5ea65d88d67d4ec578ed11d4d2d51e3de525e",
        "type": "github"
      },
      "original": {
        "owner": "nix-community",
        "repo": "home-manager",
        "type": "github"
      }
    },
    "nixpkgs": {
      "locked": {
        "lastModified": 1722987190,
        "narHash": "sha256-68hmex5efCiM2aZlAAEcQgmFI4ZwWt8a80vOeB/5w3A=",
        "owner": "NixOS",
        "repo": "nixpkgs",
        "rev": "21cc704b5e918c5fbf4f9fff22b4ac2681706d90",
        "type": "github"
      },
      "original": {
        "owner": "NixOS",
        "ref": "nixos-24.05",
        "repo": "nixpkgs",
        "type": "github"
      }
    },
    "nixpkgs-unstable": {
      "locked": {
        "lastModified": 1723175592,
        "narHash": "sha256-M0xJ3FbDUc4fRZ84dPGx5VvgFsOzds77KiBMW/mMTnI=",
        "owner": "NixOS",
        "repo": "nixpkgs",
        "rev": "5e0ca22929f3342b19569b21b2f3462f053e497b",
        "type": "github"
      },
      "original": {
        "owner": "NixOS",
        "ref": "nixos-unstable",
        "repo": "nixpkgs",
        "type": "github"
      }
    },
    "root": {
      "inputs": {
        "hardware": "hardware",
        "home-manager": "home-manager",
        "nixpkgs": "nixpkgs",
        "nixpkgs-unstable": "nixpkgs-unstable"
      }
    }
  },
  "root": "root",
  "version": 7
}
