{
  "nodes": {
    "flake-compat": {
      "flake": false,
      "locked": {
        "lastModified": 1733328505,
        "narHash": "sha256-NeCCThCEP3eCl2l/+27kNNK7QrwZB1IJCrXfrbv5oqU=",
        "owner": "edolstra",
        "repo": "flake-compat",
        "rev": "ff81ac966bb2cae68946d5ed5fc4994f96d0ffec",
        "type": "github"
      },
      "original": {
        "owner": "edolstra",
        "repo": "flake-compat",
        "type": "github"
      }
    },
    "flake-compat_2": {
      "flake": false,
      "locked": {
        "lastModified": 1696426674,
        "narHash": "sha256-kvjfFW7WAETZlt09AgDn1MrtKzP7t90Vf7vypd3OL1U=",
        "owner": "edolstra",
        "repo": "flake-compat",
        "rev": "0f9255e01c2351cc7d116c072cb317785dd33b33",
        "type": "github"
      },
      "original": {
        "owner": "edolstra",
        "repo": "flake-compat",
        "type": "github"
      }
    },
    "flake-parts": {
      "inputs": {
        "nixpkgs-lib": [
          "neovim-nightly-overlay",
          "nixpkgs"
        ]
      },
      "locked": {
        "lastModified": 1741352980,
        "narHash": "sha256-+u2UunDA4Cl5Fci3m7S643HzKmIDAe+fiXrLqYsR2fs=",
        "owner": "hercules-ci",
        "repo": "flake-parts",
        "rev": "f4330d22f1c5d2ba72d3d22df5597d123fdb60a9",
        "type": "github"
      },
      "original": {
        "owner": "hercules-ci",
        "repo": "flake-parts",
        "type": "github"
      }
    },
    "flake-parts_2": {
      "inputs": {
        "nixpkgs-lib": [
          "neovim-nightly-overlay",
          "hercules-ci-effects",
          "nixpkgs"
        ]
      },
      "locked": {
        "lastModified": 1741352980,
        "narHash": "sha256-+u2UunDA4Cl5Fci3m7S643HzKmIDAe+fiXrLqYsR2fs=",
        "owner": "hercules-ci",
        "repo": "flake-parts",
        "rev": "f4330d22f1c5d2ba72d3d22df5597d123fdb60a9",
        "type": "github"
      },
      "original": {
        "id": "flake-parts",
        "type": "indirect"
      }
    },
    "git-hooks": {
      "inputs": {
        "flake-compat": "flake-compat_2",
        "gitignore": "gitignore",
        "nixpkgs": [
          "neovim-nightly-overlay",
          "nixpkgs"
        ]
      },
      "locked": {
        "lastModified": 1742649964,
        "narHash": "sha256-DwOTp7nvfi8mRfuL1escHDXabVXFGT1VlPD1JHrtrco=",
        "owner": "cachix",
        "repo": "git-hooks.nix",
        "rev": "dcf5072734cb576d2b0c59b2ac44f5050b5eac82",
        "type": "github"
      },
      "original": {
        "owner": "cachix",
        "repo": "git-hooks.nix",
        "type": "github"
      }
    },
    "gitignore": {
      "inputs": {
        "nixpkgs": [
          "neovim-nightly-overlay",
          "git-hooks",
          "nixpkgs"
        ]
      },
      "locked": {
        "lastModified": 1709087332,
        "narHash": "sha256-HG2cCnktfHsKV0s4XW83gU3F57gaTljL9KNSuG6bnQs=",
        "owner": "hercules-ci",
        "repo": "gitignore.nix",
        "rev": "637db329424fd7e46cf4185293b9cc8c88c95394",
        "type": "github"
      },
      "original": {
        "owner": "hercules-ci",
        "repo": "gitignore.nix",
        "type": "github"
      }
    },
    "hardware": {
      "locked": {
        "lastModified": 1742806253,
        "narHash": "sha256-zvQ4GsCJT6MTOzPKLmlFyM+lxo0JGQ0cSFaZSACmWfY=",
        "owner": "nixos",
        "repo": "nixos-hardware",
        "rev": "ecaa2d911e77c265c2a5bac8b583c40b0f151726",
        "type": "github"
      },
      "original": {
        "owner": "nixos",
        "repo": "nixos-hardware",
        "type": "github"
      }
    },
    "hercules-ci-effects": {
      "inputs": {
        "flake-parts": "flake-parts_2",
        "nixpkgs": [
          "neovim-nightly-overlay",
          "nixpkgs"
        ]
      },
      "locked": {
        "lastModified": 1742014779,
        "narHash": "sha256-I6fG1zrfdLFcp/imGZElig0BJO3YU0QEXLgvwWoOpJ8=",
        "owner": "hercules-ci",
        "repo": "hercules-ci-effects",
        "rev": "524637ef84c177661690b924bf64a1ce18072a2c",
        "type": "github"
      },
      "original": {
        "owner": "hercules-ci",
        "repo": "hercules-ci-effects",
        "type": "github"
      }
    },
    "home-manager": {
      "inputs": {
        "nixpkgs": [
          "nixpkgs"
        ]
      },
      "locked": {
        "lastModified": 1742842119,
        "narHash": "sha256-YnJ1MHMLMDcWW4sRQya7IfXdJQAqW5y+lkL/WIvefc8=",
        "owner": "nix-community",
        "repo": "home-manager",
        "rev": "2d057cd9d4f767737498e0aae75b07353c75bdee",
        "type": "github"
      },
      "original": {
        "owner": "nix-community",
        "repo": "home-manager",
        "type": "github"
      }
    },
    "neovim-nightly-overlay": {
      "inputs": {
        "flake-compat": "flake-compat",
        "flake-parts": "flake-parts",
        "git-hooks": "git-hooks",
        "hercules-ci-effects": "hercules-ci-effects",
        "neovim-src": "neovim-src",
        "nixpkgs": "nixpkgs",
        "treefmt-nix": "treefmt-nix"
      },
      "locked": {
        "lastModified": 1742799857,
        "narHash": "sha256-uEmv8u13AuiDWVrKjwVzIL6qobhWl91PDLAMHPu+CcE=",
        "owner": "nix-community",
        "repo": "neovim-nightly-overlay",
        "rev": "5055d63816f4e516cb4a6f75222b95f12757bea7",
        "type": "github"
      },
      "original": {
        "owner": "nix-community",
        "repo": "neovim-nightly-overlay",
        "type": "github"
      }
    },
    "neovim-src": {
      "flake": false,
      "locked": {
        "lastModified": 1742772608,
        "narHash": "sha256-nUZJsvdrYVQ4yZqKW62LCxKhl6jh6gJpavq69HqgN8A=",
        "owner": "neovim",
        "repo": "neovim",
        "rev": "c98260822699bf622b14caffc908a47039deca51",
        "type": "github"
      },
      "original": {
        "owner": "neovim",
        "repo": "neovim",
        "type": "github"
      }
    },
    "nixpkgs": {
      "locked": {
        "lastModified": 1742707865,
        "narHash": "sha256-RVQQZy38O3Zb8yoRJhuFgWo/iDIDj0hEdRTVfhOtzRk=",
        "owner": "NixOS",
        "repo": "nixpkgs",
        "rev": "dd613136ee91f67e5dba3f3f41ac99ae89c5406b",
        "type": "github"
      },
      "original": {
        "owner": "NixOS",
        "ref": "nixpkgs-unstable",
        "repo": "nixpkgs",
        "type": "github"
      }
    },
    "nixpkgs-stable": {
      "locked": {
        "lastModified": 1742751704,
        "narHash": "sha256-rBfc+H1dDBUQ2mgVITMGBPI1PGuCznf9rcWX/XIULyE=",
        "owner": "NixOS",
        "repo": "nixpkgs",
        "rev": "f0946fa5f1fb876a9dc2e1850d9d3a4e3f914092",
        "type": "github"
      },
      "original": {
        "owner": "NixOS",
        "ref": "nixos-24.11",
        "repo": "nixpkgs",
        "type": "github"
      }
    },
    "nixpkgs_2": {
      "locked": {
        "lastModified": 1742738698,
        "narHash": "sha256-KCtAXWwQs03JmEhP4ss59QVzT+rHZkhQO85KjNy8Crc=",
        "owner": "NixOS",
        "repo": "nixpkgs",
        "rev": "f3a2a0601e9669a6e38af25b46ce6c4563bcb6da",
        "type": "github"
      },
      "original": {
        "owner": "NixOS",
        "ref": "nixpkgs-unstable",
        "repo": "nixpkgs",
        "type": "github"
      }
    },
    "root": {
      "inputs": {
        "hardware": "hardware",
        "home-manager": "home-manager",
        "neovim-nightly-overlay": "neovim-nightly-overlay",
        "nixpkgs": "nixpkgs_2",
        "nixpkgs-stable": "nixpkgs-stable"
      }
    },
    "treefmt-nix": {
      "inputs": {
        "nixpkgs": [
          "neovim-nightly-overlay",
          "nixpkgs"
        ]
      },
      "locked": {
        "lastModified": 1742370146,
        "narHash": "sha256-XRE8hL4vKIQyVMDXykFh4ceo3KSpuJF3ts8GKwh5bIU=",
        "owner": "numtide",
        "repo": "treefmt-nix",
        "rev": "adc195eef5da3606891cedf80c0d9ce2d3190808",
        "type": "github"
      },
      "original": {
        "owner": "numtide",
        "repo": "treefmt-nix",
        "type": "github"
      }
    }
  },
  "root": "root",
  "version": 7
}
